// !$*UTF8*$!
{
	archiveVersion = 1;
	classes = {
	};
	objectVersion = 46;
	objects = {

/* Begin PBXBuildFile section */
		2CF5CB761A6D00DC003D8B16 /* md5.cpp in Sources */ = {isa = PBXBuildFile; fileRef = 2CF5CB731A6D00DC003D8B16 /* md5.cpp */; };
		2CF5CB771A6D00DC003D8B16 /* test.cpp in Sources */ = {isa = PBXBuildFile; fileRef = 2CF5CB751A6D00DC003D8B16 /* test.cpp */; };
/* End PBXBuildFile section */

/* Begin PBXCopyFilesBuildPhase section */
		2CF5CB671A6D0038003D8B16 /* CopyFiles */ = {
			isa = PBXCopyFilesBuildPhase;
			buildActionMask = 2147483647;
			dstPath = /usr/share/man/man1/;
			dstSubfolderSpec = 0;
			files = (
			);
			runOnlyForDeploymentPostprocessing = 1;
		};
/* End PBXCopyFilesBuildPhase section */

/* Begin PBXFileReference section */
		2CF5CB691A6D0038003D8B16 /* MD5Transffer */ = {isa = PBXFileReference; explicitFileType = "compiled.mach-o.executable"; includeInIndex = 0; path = MD5Transffer; sourceTree = BUILT_PRODUCTS_DIR; };
		2CF5CB731A6D00DC003D8B16 /* md5.cpp */ = {isa = PBXFileReference; fileEncoding = 4; lastKnownFileType = sourcecode.cpp.cpp; path = md5.cpp; sourceTree = "<group>"; };
		2CF5CB741A6D00DC003D8B16 /* md5.h */ = {isa = PBXFileReference; fileEncoding = 4; lastKnownFileType = sourcecode.c.h; path = md5.h; sourceTree = "<group>"; };
		2CF5CB751A6D00DC003D8B16 /* test.cpp */ = {isa = PBXFileReference; fileEncoding = 4; lastKnownFileType = sourcecode.cpp.cpp; path = test.cpp; sourceTree = "<group>"; };
/* End PBXFileReference section */

/* Begin PBXFrameworksBuildPhase section */
		2CF5CB661A6D0038003D8B16 /* Frameworks */ = {
			isa = PBXFrameworksBuildPhase;
			buildActionMask = 2147483647;
			files = (
			);
			runOnlyForDeploymentPostprocessing = 0;
		};
/* End PBXFrameworksBuildPhase section */

/* Begin PBXGroup section */
		2CF5CB601A6D0038003D8B16 = {
			isa = PBXGroup;
			children = (
				2CF5CB6B1A6D0038003D8B16 /* MD5Transffer */,
				2CF5CB6A1A6D0038003D8B16 /* Products */,
			);
			sourceTree = "<group>";
		};
		2CF5CB6A1A6D0038003D8B16 /* Products */ = {
			isa = PBXGroup;
			children = (
				2CF5CB691A6D0038003D8B16 /* MD5Transffer */,
			);
			name = Products;
			sourceTree = "<group>";
		};
		2CF5CB6B1A6D0038003D8B16 /* MD5Transffer */ = {
			isa = PBXGroup;
			children = (
				2CF5CB731A6D00DC003D8B16 /* md5.cpp */,
				2CF5CB741A6D00DC003D8B16 /* md5.h */,
				2CF5CB751A6D00DC003D8B16 /* test.cpp */,
			);
			path = MD5Transffer;
			sourceTree = "<group>";
		};
/* End PBXGroup section */

/* Begin PBXNativeTarget section */
		2CF5CB681A6D0038003D8B16 /* MD5Transffer */ = {
			isa = PBXNativeTarget;
			buildConfigurationList = 2CF5CB701A6D0038003D8B16 /* Build configuration list for PBXNativeTarget "MD5Transffer" */;
			buildPhases = (
				2CF5CB651A6D0038003D8B16 /* Sources */,
				2CF5CB661A6D0038003D8B16 /* Frameworks */,
				2CF5CB671A6D0038003D8B16 /* CopyFiles */,
			);
			buildRules = (
			);
			dependencies = (
			);
			name = MD5Transffer;
			productName = MD5Transffer;
			productReference = 2CF5CB691A6D0038003D8B16 /* MD5Transffer */;
			productType = "com.apple.product-type.tool";
		};
/* End PBXNativeTarget section */

/* Begin PBXProject section */
		2CF5CB611A6D0038003D8B16 /* Project object */ = {
			isa = PBXProject;
			attributes = {
				LastUpgradeCheck = 0610;
				ORGANIZATIONNAME = "Sylar-MagicBeans";
				TargetAttributes = {
					2CF5CB681A6D0038003D8B16 = {
						CreatedOnToolsVersion = 6.1.1;
					};
				};
			};
			buildConfigurationList = 2CF5CB641A6D0038003D8B16 /* Build configuration list for PBXProject "MD5Transffer" */;
			compatibilityVersion = "Xcode 3.2";
			developmentRegion = English;
			hasScannedForEncodings = 0;
			knownRegions = (
				en,
			);
			mainGroup = 2CF5CB601A6D0038003D8B16;
			productRefGroup = 2CF5CB6A1A6D0038003D8B16 /* Products */;
			projectDirPath = "";
			projectRoot = "";
			targets = (
				2CF5CB681A6D0038003D8B16 /* MD5Transffer */,
			);
		};
/* End PBXProject section */

/* Begin PBXSourcesBuildPhase section */
		2CF5CB651A6D0038003D8B16 /* Sources */ = {
			isa = PBXSourcesBuildPhase;
			buildActionMask = 2147483647;
			files = (
				2CF5CB761A6D00DC003D8B16 /* md5.cpp in Sources */,
				2CF5CB771A6D00DC003D8B16 /* test.cpp in Sources */,
			);
			runOnlyForDeploymentPostprocessing = 0;
		};
/* End PBXSourcesBuildPhase section */

/* Begin XCBuildConfiguration section */
		2CF5CB6E1A6D0038003D8B16 /* Debug */ = {
			isa = XCBuildConfiguration;
			buildSettings = {
				ALWAYS_SEARCH_USER_PATHS = NO;
				CLANG_CXX_LANGUAGE_STANDARD = "gnu++0x";
				CLANG_CXX_LIBRARY = "libc++";
				CLANG_ENABLE_MODULES = YES;
				CLANG_ENABLE_OBJC_ARC = YES;
				CLANG_WARN_BOOL_CONVERSION = YES;
				CLANG_WARN_CONSTANT_CONVERSION = YES;
				CLANG_WARN_DIRECT_OBJC_ISA_USAGE = YES_ERROR;
				CLANG_WARN_EMPTY_BODY = YES;
				CLANG_WARN_ENUM_CONVERSION = YES;
				CLANG_WARN_INT_CONVERSION = YES;
				CLANG_WARN_OBJC_ROOT_CLASS = YES_ERROR;
				CLANG_WARN_UNREACHABLE_CODE = YES;
				CLANG_WARN__DUPLICATE_METHOD_MATCH = YES;
				COPY_PHASE_STRIP = NO;
				ENABLE_STRICT_OBJC_MSGSEND = YES;
				GCC_C_LANGUAGE_STANDARD = gnu99;
				GCC_DYNAMIC_NO_PIC = NO;
				GCC_OPTIMIZATION_LEVEL = 0;
				GCC_PREPROCESSOR_DEFINITIONS = (
					"DEBUG=1",
					"$(inherited)",
				);
				GCC_SYMBOLS_PRIVATE_EXTERN = NO;
				GCC_WARN_64_TO_32_BIT_CONVERSION = YES;
				GCC_WARN_ABOUT_RETURN_TYPE = YES_ERROR;
				GCC_WARN_UNDECLARED_SELECTOR = YES;
				GCC_WARN_UNINITIALIZED_AUTOS = YES_AGGRESSIVE;
				GCC_WARN_UNUSED_FUNCTION = YES;
				GCC_WARN_UNUSED_VARIABLE = YES;
				MACOSX_DEPLOYMENT_TARGET = 10.10;
				MTL_ENABLE_DEBUG_INFO = YES;
				ONLY_ACTIVE_ARCH = YES;
				SDKROOT = macosx;
			};
			name = Debug;
		};
		2CF5CB6F1A6D0038003D8B16 /* Release */ = {
			isa = XCBuildConfiguration;
			buildSettings = {
				ALWAYS_SEARCH_USER_PATHS = NO;
				CLANG_CXX_LANGUAGE_STANDARD = "gnu++0x";
				CLANG_CXX_LIBRARY = "libc++";
				CLANG_ENABLE_MODULES = YES;
				CLANG_ENABLE_OBJC_ARC = YES;
				CLANG_WARN_BOOL_CONVERSION = YES;
				CLANG_WARN_CONSTANT_CONVERSION = YES;
				CLANG_WARN_DIRECT_OBJC_ISA_USAGE = YES_ERROR;
				CLANG_WARN_EMPTY_BODY = YES;
				CLANG_WARN_ENUM_CONVERSION = YES;
				CLANG_WARN_INT_CONVERSION = YES;
				CLANG_WARN_OBJC_ROOT_CLASS = YES_ERROR;
				CLANG_WARN_UNREACHABLE_CODE = YES;
				CLANG_WARN__DUPLICATE_METHOD_MATCH = YES;
				COPY_PHASE_STRIP = YES;
				DEBUG_INFORMATION_FORMAT = "dwarf-with-dsym";
				ENABLE_NS_ASSERTIONS = NO;
				ENABLE_STRICT_OBJC_MSGSEND = YES;
				GCC_C_LANGUAGE_STANDARD = gnu99;
				GCC_WARN_64_TO_32_BIT_CONVERSION = YES;
				GCC_WARN_ABOUT_RETURN_TYPE = YES_ERROR;
				GCC_WARN_UNDECLARED_SELECTOR = YES;
				GCC_WARN_UNINITIALIZED_AUTOS = YES_AGGRESSIVE;
				GCC_WARN_UNUSED_FUNCTION = YES;
				GCC_WARN_UNUSED_VARIABLE = YES;
				MACOSX_DEPLOYMENT_TARGET = 10.10;
				MTL_ENABLE_DEBUG_INFO = NO;
				SDKROOT = macosx;
			};
			name = Release;
		};
		2CF5CB711A6D0038003D8B16 /* Debug */ = {
			isa = XCBuildConfiguration;
			buildSettings = {
				PRODUCT_NAME = "$(TARGET_NAME)";
			};
			name = Debug;
		};
		2CF5CB721A6D0038003D8B16 /* Release */ = {
			isa = XCBuildConfiguration;
			buildSettings = {
				PRODUCT_NAME = "$(TARGET_NAME)";
			};
			name = Release;
		};
/* End XCBuildConfiguration section */

/* Begin XCConfigurationList section */
		2CF5CB641A6D0038003D8B16 /* Build configuration list for PBXProject "MD5Transffer" */ = {
			isa = XCConfigurationList;
			buildConfigurations = (
				2CF5CB6E1A6D0038003D8B16 /* Debug */,
				2CF5CB6F1A6D0038003D8B16 /* Release */,
			);
			defaultConfigurationIsVisible = 0;
			defaultConfigurationName = Release;
		};
		2CF5CB701A6D0038003D8B16 /* Build configuration list for PBXNativeTarget "MD5Transffer" */ = {
			isa = XCConfigurationList;
			buildConfigurations = (
				2CF5CB711A6D0038003D8B16 /* Debug */,
				2CF5CB721A6D0038003D8B16 /* Release */,
			);
			defaultConfigurationIsVisible = 0;
		};
/* End XCConfigurationList section */
	};
	rootObject = 2CF5CB611A6D0038003D8B16 /* Project object */;
}
